{
  "requires": true,
  "lockfileVersion": 1,
  "dependencies": {
    "ngx-mask": {
      "version": "9.1.2",
      "resolved": "https://registry.npmjs.org/ngx-mask/-/ngx-mask-9.1.2.tgz",
      "integrity": "sha512-Fkf1HjBahuDlOSnygya9eXrR0Do3H2LXgxioJz6tHRnSU1Z5I0qkrJ5VbM9zLCQ3TUy0/bUUBK8h5bap8RVQ4w==",
      "requires": {
        "tslib": "^1.10.0"
      }
    },
    "tslib": {
      "version": "1.13.0",
      "resolved": "https://registry.npmjs.org/tslib/-/tslib-1.13.0.tgz",
      "integrity": "sha512-i/6DQjL8Xf3be4K/E6Wgpekn5Qasl1usyw++dAA35Ue5orEn65VIxOA+YvNNl9HV3qv70T7CNwjODHZrLwvd1Q=="
    }
  }
}
